// !$*UTF8*$!
{
	archiveVersion = 1;
	classes = {
	};
	objectVersion = 46;
	objects = {

/* Begin PBXBuildFile section */
		1803D2B81ACD189E00D6C1DE /* SGProgressView.m in Sources */ = {isa = PBXBuildFile; fileRef = 1803D2B51ACD189E00D6C1DE /* SGProgressView.m */; };
		1803D2B91ACD189E00D6C1DE /* UINavigationController+SGProgress.m in Sources */ = {isa = PBXBuildFile; fileRef = 1803D2B71ACD189E00D6C1DE /* UINavigationController+SGProgress.m */; };
		1803D2EA1ACD695D00D6C1DE /* MFSideMenuContainerViewController.m in Sources */ = {isa = PBXBuildFile; fileRef = 1803D2E51ACD695D00D6C1DE /* MFSideMenuContainerViewController.m */; };
		1803D2EB1ACD695D00D6C1DE /* MFSideMenuShadow.m in Sources */ = {isa = PBXBuildFile; fileRef = 1803D2E71ACD695D00D6C1DE /* MFSideMenuShadow.m */; };
		1803D2EC1ACD695D00D6C1DE /* UIViewController+MFSideMenuAdditions.m in Sources */ = {isa = PBXBuildFile; fileRef = 1803D2E91ACD695D00D6C1DE /* UIViewController+MFSideMenuAdditions.m */; };
		1803D2EE1ACD6D2F00D6C1DE /* LeftMenuViewController.swift in Sources */ = {isa = PBXBuildFile; fileRef = 1803D2ED1ACD6D2F00D6C1DE /* LeftMenuViewController.swift */; };
		1803D2FA1ACEA42A00D6C1DE /* RECommonFunctions.m in Sources */ = {isa = PBXBuildFile; fileRef = 1803D2F11ACEA42A00D6C1DE /* RECommonFunctions.m */; };
		1803D2FB1ACEA42A00D6C1DE /* REMenu.m in Sources */ = {isa = PBXBuildFile; fileRef = 1803D2F31ACEA42A00D6C1DE /* REMenu.m */; };
		1803D2FC1ACEA42A00D6C1DE /* REMenuContainerView.m in Sources */ = {isa = PBXBuildFile; fileRef = 1803D2F51ACEA42A00D6C1DE /* REMenuContainerView.m */; };
		1803D2FD1ACEA42A00D6C1DE /* REMenuItem.m in Sources */ = {isa = PBXBuildFile; fileRef = 1803D2F71ACEA42A00D6C1DE /* REMenuItem.m */; };
		1803D2FE1ACEA42A00D6C1DE /* REMenuItemView.m in Sources */ = {isa = PBXBuildFile; fileRef = 1803D2F91ACEA42A00D6C1DE /* REMenuItemView.m */; };
		1811D9B11AF4B07E00C135FF /* Bookmarks.swift in Sources */ = {isa = PBXBuildFile; fileRef = 1811D9B01AF4B07E00C135FF /* Bookmarks.swift */; };
		1845B9921A7F8A5F00172610 /* AppDelegate.swift in Sources */ = {isa = PBXBuildFile; fileRef = 1845B9911A7F8A5F00172610 /* AppDelegate.swift */; };
		1845B9971A7F8A5F00172610 /* Main.storyboard in Resources */ = {isa = PBXBuildFile; fileRef = 1845B9951A7F8A5F00172610 /* Main.storyboard */; };
		1845B9991A7F8A5F00172610 /* Images.xcassets in Resources */ = {isa = PBXBuildFile; fileRef = 1845B9981A7F8A5F00172610 /* Images.xcassets */; };
		1845B9A81A7F8A5F00172610 /* InformerlyTests.swift in Sources */ = {isa = PBXBuildFile; fileRef = 1845B9A71A7F8A5F00172610 /* InformerlyTests.swift */; };
		1845B9BB1A7F8CFE00172610 /* LoginViewController.swift in Sources */ = {isa = PBXBuildFile; fileRef = 1845B9BA1A7F8CFE00172610 /* LoginViewController.swift */; };
		1845B9E01A7F8F9D00172610 /* NetworkManager.m in Sources */ = {isa = PBXBuildFile; fileRef = 1845B9DF1A7F8F9D00172610 /* NetworkManager.m */; };
		1845B9E51A7F905600172610 /* Constants.swift in Sources */ = {isa = PBXBuildFile; fileRef = 1845B9E41A7F905600172610 /* Constants.swift */; };
		1845B9E71A7FB00700172610 /* User.swift in Sources */ = {isa = PBXBuildFile; fileRef = 1845B9E61A7FB00700172610 /* User.swift */; };
		186BD53D1A9711FE0044C86B /* NotificationCenter.framework in Frameworks */ = {isa = PBXBuildFile; fileRef = 186BD53C1A9711FE0044C86B /* NotificationCenter.framework */; };
		186BD5421A9711FE0044C86B /* TodayViewController.swift in Sources */ = {isa = PBXBuildFile; fileRef = 186BD5411A9711FE0044C86B /* TodayViewController.swift */; };
		186BD5441A9711FE0044C86B /* MainInterface.storyboard in Resources */ = {isa = PBXBuildFile; fileRef = 186BD5431A9711FE0044C86B /* MainInterface.storyboard */; };
		186BD5471A9711FE0044C86B /* Informerly Widget.appex in Embed App Extensions */ = {isa = PBXBuildFile; fileRef = 186BD53A1A9711FE0044C86B /* Informerly Widget.appex */; settings = {ATTRIBUTES = (RemoveHeadersOnCopy, ); }; };
		186BD57A1A973B0B0044C86B /* AFHTTPRequestOperation.m in Sources */ = {isa = PBXBuildFile; fileRef = 186BD5681A973B0B0044C86B /* AFHTTPRequestOperation.m */; };
		186BD57C1A973B0B0044C86B /* AFHTTPRequestOperationManager.m in Sources */ = {isa = PBXBuildFile; fileRef = 186BD56A1A973B0B0044C86B /* AFHTTPRequestOperationManager.m */; };
		186BD57E1A973B0B0044C86B /* AFHTTPSessionManager.m in Sources */ = {isa = PBXBuildFile; fileRef = 186BD56C1A973B0B0044C86B /* AFHTTPSessionManager.m */; };
		186BD5801A973B0B0044C86B /* AFNetworkReachabilityManager.m in Sources */ = {isa = PBXBuildFile; fileRef = 186BD56F1A973B0B0044C86B /* AFNetworkReachabilityManager.m */; };
		186BD5821A973B0B0044C86B /* AFSecurityPolicy.m in Sources */ = {isa = PBXBuildFile; fileRef = 186BD5711A973B0B0044C86B /* AFSecurityPolicy.m */; };
		186BD5841A973B0B0044C86B /* AFURLConnectionOperation.m in Sources */ = {isa = PBXBuildFile; fileRef = 186BD5731A973B0B0044C86B /* AFURLConnectionOperation.m */; };
		186BD5861A973B0B0044C86B /* AFURLRequestSerialization.m in Sources */ = {isa = PBXBuildFile; fileRef = 186BD5751A973B0B0044C86B /* AFURLRequestSerialization.m */; };
		186BD5881A973B0B0044C86B /* AFURLResponseSerialization.m in Sources */ = {isa = PBXBuildFile; fileRef = 186BD5771A973B0B0044C86B /* AFURLResponseSerialization.m */; };
		186BD58A1A973B0B0044C86B /* AFURLSessionManager.m in Sources */ = {isa = PBXBuildFile; fileRef = 186BD5791A973B0B0044C86B /* AFURLSessionManager.m */; };
		186BD5A41A9762B40044C86B /* NetworkManager.m in Sources */ = {isa = PBXBuildFile; fileRef = 1845B9DF1A7F8F9D00172610 /* NetworkManager.m */; };
		186BD5A61A9763290044C86B /* AFHTTPRequestOperation.m in Sources */ = {isa = PBXBuildFile; fileRef = 186BD5681A973B0B0044C86B /* AFHTTPRequestOperation.m */; };
		186BD5A81A9763290044C86B /* AFHTTPRequestOperationManager.m in Sources */ = {isa = PBXBuildFile; fileRef = 186BD56A1A973B0B0044C86B /* AFHTTPRequestOperationManager.m */; };
		186BD5AA1A9763290044C86B /* AFHTTPSessionManager.m in Sources */ = {isa = PBXBuildFile; fileRef = 186BD56C1A973B0B0044C86B /* AFHTTPSessionManager.m */; };
		186BD5AD1A9763290044C86B /* AFNetworkReachabilityManager.m in Sources */ = {isa = PBXBuildFile; fileRef = 186BD56F1A973B0B0044C86B /* AFNetworkReachabilityManager.m */; };
		186BD5AF1A9763290044C86B /* AFSecurityPolicy.m in Sources */ = {isa = PBXBuildFile; fileRef = 186BD5711A973B0B0044C86B /* AFSecurityPolicy.m */; };
		186BD5B11A9763290044C86B /* AFURLConnectionOperation.m in Sources */ = {isa = PBXBuildFile; fileRef = 186BD5731A973B0B0044C86B /* AFURLConnectionOperation.m */; };
		186BD5B31A9763290044C86B /* AFURLRequestSerialization.m in Sources */ = {isa = PBXBuildFile; fileRef = 186BD5751A973B0B0044C86B /* AFURLRequestSerialization.m */; };
		186BD5B51A9763290044C86B /* AFURLResponseSerialization.m in Sources */ = {isa = PBXBuildFile; fileRef = 186BD5771A973B0B0044C86B /* AFURLResponseSerialization.m */; };
		186BD5B71A9763290044C86B /* AFURLSessionManager.m in Sources */ = {isa = PBXBuildFile; fileRef = 186BD5791A973B0B0044C86B /* AFURLSessionManager.m */; };
		187EAA551A8DD6A6000ED503 /* FeedbackViewController.swift in Sources */ = {isa = PBXBuildFile; fileRef = 187EAA541A8DD6A6000ED503 /* FeedbackViewController.swift */; };
		187EAA581A8DFF8A000ED503 /* HelpViewController.swift in Sources */ = {isa = PBXBuildFile; fileRef = 187EAA571A8DFF8A000ED503 /* HelpViewController.swift */; };
		188B07811AB17A6400447CD9 /* Reachability.m in Sources */ = {isa = PBXBuildFile; fileRef = 188B07801AB17A6400447CD9 /* Reachability.m */; };
		188B07821AB17A6400447CD9 /* Reachability.m in Sources */ = {isa = PBXBuildFile; fileRef = 188B07801AB17A6400447CD9 /* Reachability.m */; };
		18C65E221A83568700BBA510 /* Apache License.txt in Resources */ = {isa = PBXBuildFile; fileRef = 18C65E171A83568700BBA510 /* Apache License.txt */; };
		18C65E231A83568700BBA510 /* OpenSans-Bold.ttf in Resources */ = {isa = PBXBuildFile; fileRef = 18C65E181A83568700BBA510 /* OpenSans-Bold.ttf */; };
		18C65E241A83568700BBA510 /* OpenSans-BoldItalic.ttf in Resources */ = {isa = PBXBuildFile; fileRef = 18C65E191A83568700BBA510 /* OpenSans-BoldItalic.ttf */; };
		18C65E251A83568700BBA510 /* OpenSans-ExtraBold.ttf in Resources */ = {isa = PBXBuildFile; fileRef = 18C65E1A1A83568700BBA510 /* OpenSans-ExtraBold.ttf */; };
		18C65E261A83568700BBA510 /* OpenSans-ExtraBoldItalic.ttf in Resources */ = {isa = PBXBuildFile; fileRef = 18C65E1B1A83568700BBA510 /* OpenSans-ExtraBoldItalic.ttf */; };
		18C65E271A83568700BBA510 /* OpenSans-Italic.ttf in Resources */ = {isa = PBXBuildFile; fileRef = 18C65E1C1A83568700BBA510 /* OpenSans-Italic.ttf */; };
		18C65E281A83568700BBA510 /* OpenSans-Light.ttf in Resources */ = {isa = PBXBuildFile; fileRef = 18C65E1D1A83568700BBA510 /* OpenSans-Light.ttf */; };
		18C65E291A83568700BBA510 /* OpenSans-LightItalic.ttf in Resources */ = {isa = PBXBuildFile; fileRef = 18C65E1E1A83568700BBA510 /* OpenSans-LightItalic.ttf */; };
		18C65E2A1A83568700BBA510 /* OpenSans-Regular.ttf in Resources */ = {isa = PBXBuildFile; fileRef = 18C65E1F1A83568700BBA510 /* OpenSans-Regular.ttf */; };
		18C65E2B1A83568700BBA510 /* OpenSans-Semibold.ttf in Resources */ = {isa = PBXBuildFile; fileRef = 18C65E201A83568700BBA510 /* OpenSans-Semibold.ttf */; };
		18C65E2C1A83568700BBA510 /* OpenSans-SemiboldItalic.ttf in Resources */ = {isa = PBXBuildFile; fileRef = 18C65E211A83568700BBA510 /* OpenSans-SemiboldItalic.ttf */; };
		18D75DC71A8224CB00BFEF6E /* FeedViewController.swift in Sources */ = {isa = PBXBuildFile; fileRef = 18D75DC61A8224CB00BFEF6E /* FeedViewController.swift */; };
		18D75DCA1A823FC600BFEF6E /* ArticleViewController.swift in Sources */ = {isa = PBXBuildFile; fileRef = 18D75DC91A823FC600BFEF6E /* ArticleViewController.swift */; };
		18D75DCF1A834C0200BFEF6E /* Utilities.swift in Sources */ = {isa = PBXBuildFile; fileRef = 18D75DCE1A834C0200BFEF6E /* Utilities.swift */; };
		18D75DD21A834EB200BFEF6E /* UIColorExtension.swift in Sources */ = {isa = PBXBuildFile; fileRef = 18D75DD11A834EB200BFEF6E /* UIColorExtension.swift */; };
		18DEC7441AE6517500F8F661 /* UpdateInterestViewController.swift in Sources */ = {isa = PBXBuildFile; fileRef = 18DEC7431AE6517500F8F661 /* UpdateInterestViewController.swift */; };
		18DEC7601AE6D3D900F8F661 /* libCrittercism_v5_1_3.a in Frameworks */ = {isa = PBXBuildFile; fileRef = 18DEC75E1AE6D3D900F8F661 /* libCrittercism_v5_1_3.a */; };
		18E609BE1A85377F0082DC6C /* MenuViewController.swift in Sources */ = {isa = PBXBuildFile; fileRef = 18E609BD1A85377F0082DC6C /* MenuViewController.swift */; };
		18ECA3DA1A979EA90009DFA6 /* OpenSans-Bold.ttf in Resources */ = {isa = PBXBuildFile; fileRef = 18C65E181A83568700BBA510 /* OpenSans-Bold.ttf */; };
		18ECA3DB1A979EBB0009DFA6 /* OpenSans-Regular.ttf in Resources */ = {isa = PBXBuildFile; fileRef = 18C65E1F1A83568700BBA510 /* OpenSans-Regular.ttf */; };
		18ECA3DC1A97A59E0009DFA6 /* UIColorExtension.swift in Sources */ = {isa = PBXBuildFile; fileRef = 18D75DD11A834EB200BFEF6E /* UIColorExtension.swift */; };
		18F0EC7E1AF77B5500E6D055 /* InformerlyFeed.swift in Sources */ = {isa = PBXBuildFile; fileRef = 18F0EC7D1AF77B5500E6D055 /* InformerlyFeed.swift */; };
		18F0EC7F1AF77B5500E6D055 /* InformerlyFeed.swift in Sources */ = {isa = PBXBuildFile; fileRef = 18F0EC7D1AF77B5500E6D055 /* InformerlyFeed.swift */; };
		18F71CA11A821A8600F74910 /* Feeds.swift in Sources */ = {isa = PBXBuildFile; fileRef = 18F71CA01A821A8600F74910 /* Feeds.swift */; };
		A12D439E1A8ACA950066E2F3 /* Bolts.framework in Frameworks */ = {isa = PBXBuildFile; fileRef = A12D439C1A8ACA950066E2F3 /* Bolts.framework */; };
		A12D439F1A8ACA950066E2F3 /* Parse.framework in Frameworks */ = {isa = PBXBuildFile; fileRef = A12D439D1A8ACA950066E2F3 /* Parse.framework */; };
		A12D43A11A8ACABB0066E2F3 /* AudioToolbox.framework in Frameworks */ = {isa = PBXBuildFile; fileRef = A12D43A01A8ACABB0066E2F3 /* AudioToolbox.framework */; };
		A12D43A51A8ACACA0066E2F3 /* CFNetwork.framework in Frameworks */ = {isa = PBXBuildFile; fileRef = A12D43A21A8ACACA0066E2F3 /* CFNetwork.framework */; };
		A12D43A61A8ACACA0066E2F3 /* CoreGraphics.framework in Frameworks */ = {isa = PBXBuildFile; fileRef = A12D43A31A8ACACA0066E2F3 /* CoreGraphics.framework */; };
		A12D43A71A8ACACA0066E2F3 /* CoreLocation.framework in Frameworks */ = {isa = PBXBuildFile; fileRef = A12D43A41A8ACACA0066E2F3 /* CoreLocation.framework */; };
		A12D43A91A8ACADD0066E2F3 /* MobileCoreServices.framework in Frameworks */ = {isa = PBXBuildFile; fileRef = A12D43A81A8ACADD0066E2F3 /* MobileCoreServices.framework */; };
		A12D43AB1A8ACAE30066E2F3 /* QuartzCore.framework in Frameworks */ = {isa = PBXBuildFile; fileRef = A12D43AA1A8ACAE30066E2F3 /* QuartzCore.framework */; };
		A12D43AF1A8ACAF50066E2F3 /* Security.framework in Frameworks */ = {isa = PBXBuildFile; fileRef = A12D43AC1A8ACAF50066E2F3 /* Security.framework */; };
		A12D43B01A8ACAF50066E2F3 /* StoreKit.framework in Frameworks */ = {isa = PBXBuildFile; fileRef = A12D43AD1A8ACAF50066E2F3 /* StoreKit.framework */; };
		A12D43B11A8ACAF50066E2F3 /* SystemConfiguration.framework in Frameworks */ = {isa = PBXBuildFile; fileRef = A12D43AE1A8ACAF50066E2F3 /* SystemConfiguration.framework */; };
		A12D43B41A8ACB1D0066E2F3 /* libsqlite3.dylib in Frameworks */ = {isa = PBXBuildFile; fileRef = A12D43B21A8ACB1D0066E2F3 /* libsqlite3.dylib */; };
		A12D43B51A8ACB1D0066E2F3 /* libz.dylib in Frameworks */ = {isa = PBXBuildFile; fileRef = A12D43B31A8ACB1D0066E2F3 /* libz.dylib */; };
		A1E79B6F1A8ADFBB00DED86C /* ParseCrashReporting.framework in Frameworks */ = {isa = PBXBuildFile; fileRef = A1E79B6E1A8ADFBB00DED86C /* ParseCrashReporting.framework */; };
		A1E79B741A8AE0F800DED86C /* libstdc++.6.dylib in Frameworks */ = {isa = PBXBuildFile; fileRef = A1E79B721A8AE0A800DED86C /* libstdc++.6.dylib */; };
/* End PBXBuildFile section */

/* Begin PBXContainerItemProxy section */
		1845B9A21A7F8A5F00172610 /* PBXContainerItemProxy */ = {
			isa = PBXContainerItemProxy;
			containerPortal = 1845B9841A7F8A5F00172610 /* Project object */;
			proxyType = 1;
			remoteGlobalIDString = 1845B98B1A7F8A5F00172610;
			remoteInfo = Informerly;
		};
		186BD5451A9711FE0044C86B /* PBXContainerItemProxy */ = {
			isa = PBXContainerItemProxy;
			containerPortal = 1845B9841A7F8A5F00172610 /* Project object */;
			proxyType = 1;
			remoteGlobalIDString = 186BD5391A9711FE0044C86B;
			remoteInfo = "Informerly Widget";
		};
/* End PBXContainerItemProxy section */

/* Begin PBXCopyFilesBuildPhase section */
		186BD54B1A9711FE0044C86B /* Embed App Extensions */ = {
			isa = PBXCopyFilesBuildPhase;
			buildActionMask = 2147483647;
			dstPath = "";
			dstSubfolderSpec = 13;
			files = (
				186BD5471A9711FE0044C86B /* Informerly Widget.appex in Embed App Extensions */,
			);
			name = "Embed App Extensions";
			runOnlyForDeploymentPostprocessing = 0;
		};
/* End PBXCopyFilesBuildPhase section */

/* Begin PBXFileReference section */
		1803D2B41ACD189E00D6C1DE /* SGProgressView.h */ = {isa = PBXFileReference; fileEncoding = 4; lastKnownFileType = sourcecode.c.h; path = SGProgressView.h; sourceTree = "<group>"; };
		1803D2B51ACD189E00D6C1DE /* SGProgressView.m */ = {isa = PBXFileReference; fileEncoding = 4; lastKnownFileType = sourcecode.c.objc; path = SGProgressView.m; sourceTree = "<group>"; };
		1803D2B61ACD189E00D6C1DE /* UINavigationController+SGProgress.h */ = {isa = PBXFileReference; fileEncoding = 4; lastKnownFileType = sourcecode.c.h; path = "UINavigationController+SGProgress.h"; sourceTree = "<group>"; };
		1803D2B71ACD189E00D6C1DE /* UINavigationController+SGProgress.m */ = {isa = PBXFileReference; fileEncoding = 4; lastKnownFileType = sourcecode.c.objc; path = "UINavigationController+SGProgress.m"; sourceTree = "<group>"; };
		1803D2E31ACD695D00D6C1DE /* MFSideMenu.h */ = {isa = PBXFileReference; fileEncoding = 4; lastKnownFileType = sourcecode.c.h; path = MFSideMenu.h; sourceTree = "<group>"; };
		1803D2E41ACD695D00D6C1DE /* MFSideMenuContainerViewController.h */ = {isa = PBXFileReference; fileEncoding = 4; lastKnownFileType = sourcecode.c.h; path = MFSideMenuContainerViewController.h; sourceTree = "<group>"; };
		1803D2E51ACD695D00D6C1DE /* MFSideMenuContainerViewController.m */ = {isa = PBXFileReference; fileEncoding = 4; lastKnownFileType = sourcecode.c.objc; path = MFSideMenuContainerViewController.m; sourceTree = "<group>"; };
		1803D2E61ACD695D00D6C1DE /* MFSideMenuShadow.h */ = {isa = PBXFileReference; fileEncoding = 4; lastKnownFileType = sourcecode.c.h; path = MFSideMenuShadow.h; sourceTree = "<group>"; };
		1803D2E71ACD695D00D6C1DE /* MFSideMenuShadow.m */ = {isa = PBXFileReference; fileEncoding = 4; lastKnownFileType = sourcecode.c.objc; path = MFSideMenuShadow.m; sourceTree = "<group>"; };
		1803D2E81ACD695D00D6C1DE /* UIViewController+MFSideMenuAdditions.h */ = {isa = PBXFileReference; fileEncoding = 4; lastKnownFileType = sourcecode.c.h; path = "UIViewController+MFSideMenuAdditions.h"; sourceTree = "<group>"; };
		1803D2E91ACD695D00D6C1DE /* UIViewController+MFSideMenuAdditions.m */ = {isa = PBXFileReference; fileEncoding = 4; lastKnownFileType = sourcecode.c.objc; path = "UIViewController+MFSideMenuAdditions.m"; sourceTree = "<group>"; };
		1803D2ED1ACD6D2F00D6C1DE /* LeftMenuViewController.swift */ = {isa = PBXFileReference; fileEncoding = 4; lastKnownFileType = sourcecode.swift; path = LeftMenuViewController.swift; sourceTree = "<group>"; };
		1803D2F01ACEA42A00D6C1DE /* RECommonFunctions.h */ = {isa = PBXFileReference; fileEncoding = 4; lastKnownFileType = sourcecode.c.h; path = RECommonFunctions.h; sourceTree = "<group>"; };
		1803D2F11ACEA42A00D6C1DE /* RECommonFunctions.m */ = {isa = PBXFileReference; fileEncoding = 4; lastKnownFileType = sourcecode.c.objc; path = RECommonFunctions.m; sourceTree = "<group>"; };
		1803D2F21ACEA42A00D6C1DE /* REMenu.h */ = {isa = PBXFileReference; fileEncoding = 4; lastKnownFileType = sourcecode.c.h; path = REMenu.h; sourceTree = "<group>"; };
		1803D2F31ACEA42A00D6C1DE /* REMenu.m */ = {isa = PBXFileReference; fileEncoding = 4; lastKnownFileType = sourcecode.c.objc; path = REMenu.m; sourceTree = "<group>"; };
		1803D2F41ACEA42A00D6C1DE /* REMenuContainerView.h */ = {isa = PBXFileReference; fileEncoding = 4; lastKnownFileType = sourcecode.c.h; path = REMenuContainerView.h; sourceTree = "<group>"; };
		1803D2F51ACEA42A00D6C1DE /* REMenuContainerView.m */ = {isa = PBXFileReference; fileEncoding = 4; lastKnownFileType = sourcecode.c.objc; path = REMenuContainerView.m; sourceTree = "<group>"; };
		1803D2F61ACEA42A00D6C1DE /* REMenuItem.h */ = {isa = PBXFileReference; fileEncoding = 4; lastKnownFileType = sourcecode.c.h; path = REMenuItem.h; sourceTree = "<group>"; };
		1803D2F71ACEA42A00D6C1DE /* REMenuItem.m */ = {isa = PBXFileReference; fileEncoding = 4; lastKnownFileType = sourcecode.c.objc; path = REMenuItem.m; sourceTree = "<group>"; };
		1803D2F81ACEA42A00D6C1DE /* REMenuItemView.h */ = {isa = PBXFileReference; fileEncoding = 4; lastKnownFileType = sourcecode.c.h; path = REMenuItemView.h; sourceTree = "<group>"; };
		1803D2F91ACEA42A00D6C1DE /* REMenuItemView.m */ = {isa = PBXFileReference; fileEncoding = 4; lastKnownFileType = sourcecode.c.objc; path = REMenuItemView.m; sourceTree = "<group>"; };
		1811D9B01AF4B07E00C135FF /* Bookmarks.swift */ = {isa = PBXFileReference; fileEncoding = 4; lastKnownFileType = sourcecode.swift; path = Bookmarks.swift; sourceTree = "<group>"; };
		1845B98C1A7F8A5F00172610 /* Informerly.app */ = {isa = PBXFileReference; explicitFileType = wrapper.application; includeInIndex = 0; path = Informerly.app; sourceTree = BUILT_PRODUCTS_DIR; };
		1845B9901A7F8A5F00172610 /* Info.plist */ = {isa = PBXFileReference; lastKnownFileType = text.plist.xml; path = Info.plist; sourceTree = "<group>"; };
		1845B9911A7F8A5F00172610 /* AppDelegate.swift */ = {isa = PBXFileReference; lastKnownFileType = sourcecode.swift; path = AppDelegate.swift; sourceTree = "<group>"; };
		1845B9961A7F8A5F00172610 /* Base */ = {isa = PBXFileReference; lastKnownFileType = file.storyboard; name = Base; path = Base.lproj/Main.storyboard; sourceTree = "<group>"; };
		1845B9981A7F8A5F00172610 /* Images.xcassets */ = {isa = PBXFileReference; lastKnownFileType = folder.assetcatalog; path = Images.xcassets; sourceTree = "<group>"; };
		1845B9A11A7F8A5F00172610 /* InformerlyTests.xctest */ = {isa = PBXFileReference; explicitFileType = wrapper.cfbundle; includeInIndex = 0; path = InformerlyTests.xctest; sourceTree = BUILT_PRODUCTS_DIR; };
		1845B9A61A7F8A5F00172610 /* Info.plist */ = {isa = PBXFileReference; lastKnownFileType = text.plist.xml; path = Info.plist; sourceTree = "<group>"; };
		1845B9A71A7F8A5F00172610 /* InformerlyTests.swift */ = {isa = PBXFileReference; lastKnownFileType = sourcecode.swift; path = InformerlyTests.swift; sourceTree = "<group>"; };
		1845B9BA1A7F8CFE00172610 /* LoginViewController.swift */ = {isa = PBXFileReference; fileEncoding = 4; lastKnownFileType = sourcecode.swift; path = LoginViewController.swift; sourceTree = "<group>"; };
		1845B9DC1A7F8EE400172610 /* bridging-header.h */ = {isa = PBXFileReference; fileEncoding = 4; lastKnownFileType = sourcecode.c.h; path = "bridging-header.h"; sourceTree = "<group>"; };
		1845B9DE1A7F8F9D00172610 /* NetworkManager.h */ = {isa = PBXFileReference; fileEncoding = 4; lastKnownFileType = sourcecode.c.h; path = NetworkManager.h; sourceTree = "<group>"; };
		1845B9DF1A7F8F9D00172610 /* NetworkManager.m */ = {isa = PBXFileReference; fileEncoding = 4; lastKnownFileType = sourcecode.c.objc; path = NetworkManager.m; sourceTree = "<group>"; };
		1845B9E41A7F905600172610 /* Constants.swift */ = {isa = PBXFileReference; fileEncoding = 4; lastKnownFileType = sourcecode.swift; path = Constants.swift; sourceTree = "<group>"; };
		1845B9E61A7FB00700172610 /* User.swift */ = {isa = PBXFileReference; fileEncoding = 4; lastKnownFileType = sourcecode.swift; path = User.swift; sourceTree = "<group>"; };
		186BD53A1A9711FE0044C86B /* Informerly Widget.appex */ = {isa = PBXFileReference; explicitFileType = "wrapper.app-extension"; includeInIndex = 0; path = "Informerly Widget.appex"; sourceTree = BUILT_PRODUCTS_DIR; };
		186BD53C1A9711FE0044C86B /* NotificationCenter.framework */ = {isa = PBXFileReference; lastKnownFileType = wrapper.framework; name = NotificationCenter.framework; path = System/Library/Frameworks/NotificationCenter.framework; sourceTree = SDKROOT; };
		186BD5401A9711FE0044C86B /* Info.plist */ = {isa = PBXFileReference; lastKnownFileType = text.plist.xml; path = Info.plist; sourceTree = "<group>"; };
		186BD5411A9711FE0044C86B /* TodayViewController.swift */ = {isa = PBXFileReference; lastKnownFileType = sourcecode.swift; path = TodayViewController.swift; sourceTree = "<group>"; };
		186BD5431A9711FE0044C86B /* MainInterface.storyboard */ = {isa = PBXFileReference; lastKnownFileType = file.storyboard; path = MainInterface.storyboard; sourceTree = "<group>"; };
		186BD54C1A97206A0044C86B /* Bridging-Header.h */ = {isa = PBXFileReference; fileEncoding = 4; lastKnownFileType = sourcecode.c.h; path = "Bridging-Header.h"; sourceTree = "<group>"; };
		186BD5671A973B0B0044C86B /* AFHTTPRequestOperation.h */ = {isa = PBXFileReference; fileEncoding = 4; lastKnownFileType = sourcecode.c.h; path = AFHTTPRequestOperation.h; sourceTree = "<group>"; };
		186BD5681A973B0B0044C86B /* AFHTTPRequestOperation.m */ = {isa = PBXFileReference; fileEncoding = 4; lastKnownFileType = sourcecode.c.objc; path = AFHTTPRequestOperation.m; sourceTree = "<group>"; };
		186BD5691A973B0B0044C86B /* AFHTTPRequestOperationManager.h */ = {isa = PBXFileReference; fileEncoding = 4; lastKnownFileType = sourcecode.c.h; path = AFHTTPRequestOperationManager.h; sourceTree = "<group>"; };
		186BD56A1A973B0B0044C86B /* AFHTTPRequestOperationManager.m */ = {isa = PBXFileReference; fileEncoding = 4; lastKnownFileType = sourcecode.c.objc; path = AFHTTPRequestOperationManager.m; sourceTree = "<group>"; };
		186BD56B1A973B0B0044C86B /* AFHTTPSessionManager.h */ = {isa = PBXFileReference; fileEncoding = 4; lastKnownFileType = sourcecode.c.h; path = AFHTTPSessionManager.h; sourceTree = "<group>"; };
		186BD56C1A973B0B0044C86B /* AFHTTPSessionManager.m */ = {isa = PBXFileReference; fileEncoding = 4; lastKnownFileType = sourcecode.c.objc; path = AFHTTPSessionManager.m; sourceTree = "<group>"; };
		186BD56D1A973B0B0044C86B /* AFNetworking.h */ = {isa = PBXFileReference; fileEncoding = 4; lastKnownFileType = sourcecode.c.h; path = AFNetworking.h; sourceTree = "<group>"; };
		186BD56E1A973B0B0044C86B /* AFNetworkReachabilityManager.h */ = {isa = PBXFileReference; fileEncoding = 4; lastKnownFileType = sourcecode.c.h; path = AFNetworkReachabilityManager.h; sourceTree = "<group>"; };
		186BD56F1A973B0B0044C86B /* AFNetworkReachabilityManager.m */ = {isa = PBXFileReference; fileEncoding = 4; lastKnownFileType = sourcecode.c.objc; path = AFNetworkReachabilityManager.m; sourceTree = "<group>"; };
		186BD5701A973B0B0044C86B /* AFSecurityPolicy.h */ = {isa = PBXFileReference; fileEncoding = 4; lastKnownFileType = sourcecode.c.h; path = AFSecurityPolicy.h; sourceTree = "<group>"; };
		186BD5711A973B0B0044C86B /* AFSecurityPolicy.m */ = {isa = PBXFileReference; fileEncoding = 4; lastKnownFileType = sourcecode.c.objc; path = AFSecurityPolicy.m; sourceTree = "<group>"; };
		186BD5721A973B0B0044C86B /* AFURLConnectionOperation.h */ = {isa = PBXFileReference; fileEncoding = 4; lastKnownFileType = sourcecode.c.h; path = AFURLConnectionOperation.h; sourceTree = "<group>"; };
		186BD5731A973B0B0044C86B /* AFURLConnectionOperation.m */ = {isa = PBXFileReference; fileEncoding = 4; lastKnownFileType = sourcecode.c.objc; path = AFURLConnectionOperation.m; sourceTree = "<group>"; };
		186BD5741A973B0B0044C86B /* AFURLRequestSerialization.h */ = {isa = PBXFileReference; fileEncoding = 4; lastKnownFileType = sourcecode.c.h; path = AFURLRequestSerialization.h; sourceTree = "<group>"; };
		186BD5751A973B0B0044C86B /* AFURLRequestSerialization.m */ = {isa = PBXFileReference; fileEncoding = 4; lastKnownFileType = sourcecode.c.objc; path = AFURLRequestSerialization.m; sourceTree = "<group>"; };
		186BD5761A973B0B0044C86B /* AFURLResponseSerialization.h */ = {isa = PBXFileReference; fileEncoding = 4; lastKnownFileType = sourcecode.c.h; path = AFURLResponseSerialization.h; sourceTree = "<group>"; };
		186BD5771A973B0B0044C86B /* AFURLResponseSerialization.m */ = {isa = PBXFileReference; fileEncoding = 4; lastKnownFileType = sourcecode.c.objc; path = AFURLResponseSerialization.m; sourceTree = "<group>"; };
		186BD5781A973B0B0044C86B /* AFURLSessionManager.h */ = {isa = PBXFileReference; fileEncoding = 4; lastKnownFileType = sourcecode.c.h; path = AFURLSessionManager.h; sourceTree = "<group>"; };
		186BD5791A973B0B0044C86B /* AFURLSessionManager.m */ = {isa = PBXFileReference; fileEncoding = 4; lastKnownFileType = sourcecode.c.objc; path = AFURLSessionManager.m; sourceTree = "<group>"; };
		186BD58C1A97407F0044C86B /* Informerly.entitlements */ = {isa = PBXFileReference; lastKnownFileType = text.xml; path = Informerly.entitlements; sourceTree = "<group>"; };
		186BD58D1A97417B0044C86B /* Informerly Widget.entitlements */ = {isa = PBXFileReference; lastKnownFileType = text.xml; path = "Informerly Widget.entitlements"; sourceTree = "<group>"; };
		187EAA541A8DD6A6000ED503 /* FeedbackViewController.swift */ = {isa = PBXFileReference; fileEncoding = 4; lastKnownFileType = sourcecode.swift; path = FeedbackViewController.swift; sourceTree = "<group>"; };
		187EAA571A8DFF8A000ED503 /* HelpViewController.swift */ = {isa = PBXFileReference; fileEncoding = 4; lastKnownFileType = sourcecode.swift; path = HelpViewController.swift; sourceTree = "<group>"; };
		188B077F1AB17A6400447CD9 /* Reachability.h */ = {isa = PBXFileReference; fileEncoding = 4; lastKnownFileType = sourcecode.c.h; path = Reachability.h; sourceTree = "<group>"; };
		188B07801AB17A6400447CD9 /* Reachability.m */ = {isa = PBXFileReference; fileEncoding = 4; lastKnownFileType = sourcecode.c.objc; path = Reachability.m; sourceTree = "<group>"; };
		18C65E171A83568700BBA510 /* Apache License.txt */ = {isa = PBXFileReference; fileEncoding = 4; lastKnownFileType = text; path = "Apache License.txt"; sourceTree = "<group>"; };
		18C65E181A83568700BBA510 /* OpenSans-Bold.ttf */ = {isa = PBXFileReference; lastKnownFileType = file; path = "OpenSans-Bold.ttf"; sourceTree = "<group>"; };
		18C65E191A83568700BBA510 /* OpenSans-BoldItalic.ttf */ = {isa = PBXFileReference; lastKnownFileType = file; path = "OpenSans-BoldItalic.ttf"; sourceTree = "<group>"; };
		18C65E1A1A83568700BBA510 /* OpenSans-ExtraBold.ttf */ = {isa = PBXFileReference; lastKnownFileType = file; path = "OpenSans-ExtraBold.ttf"; sourceTree = "<group>"; };
		18C65E1B1A83568700BBA510 /* OpenSans-ExtraBoldItalic.ttf */ = {isa = PBXFileReference; lastKnownFileType = file; path = "OpenSans-ExtraBoldItalic.ttf"; sourceTree = "<group>"; };
		18C65E1C1A83568700BBA510 /* OpenSans-Italic.ttf */ = {isa = PBXFileReference; lastKnownFileType = file; path = "OpenSans-Italic.ttf"; sourceTree = "<group>"; };
		18C65E1D1A83568700BBA510 /* OpenSans-Light.ttf */ = {isa = PBXFileReference; lastKnownFileType = file; path = "OpenSans-Light.ttf"; sourceTree = "<group>"; };
		18C65E1E1A83568700BBA510 /* OpenSans-LightItalic.ttf */ = {isa = PBXFileReference; lastKnownFileType = file; path = "OpenSans-LightItalic.ttf"; sourceTree = "<group>"; };
		18C65E1F1A83568700BBA510 /* OpenSans-Regular.ttf */ = {isa = PBXFileReference; lastKnownFileType = file; path = "OpenSans-Regular.ttf"; sourceTree = "<group>"; };
		18C65E201A83568700BBA510 /* OpenSans-Semibold.ttf */ = {isa = PBXFileReference; lastKnownFileType = file; path = "OpenSans-Semibold.ttf"; sourceTree = "<group>"; };
		18C65E211A83568700BBA510 /* OpenSans-SemiboldItalic.ttf */ = {isa = PBXFileReference; lastKnownFileType = file; path = "OpenSans-SemiboldItalic.ttf"; sourceTree = "<group>"; };
		18D75DC61A8224CB00BFEF6E /* FeedViewController.swift */ = {isa = PBXFileReference; fileEncoding = 4; lastKnownFileType = sourcecode.swift; path = FeedViewController.swift; sourceTree = "<group>"; };
		18D75DC91A823FC600BFEF6E /* ArticleViewController.swift */ = {isa = PBXFileReference; fileEncoding = 4; lastKnownFileType = sourcecode.swift; path = ArticleViewController.swift; sourceTree = "<group>"; };
		18D75DCE1A834C0200BFEF6E /* Utilities.swift */ = {isa = PBXFileReference; fileEncoding = 4; lastKnownFileType = sourcecode.swift; path = Utilities.swift; sourceTree = "<group>"; };
		18D75DD11A834EB200BFEF6E /* UIColorExtension.swift */ = {isa = PBXFileReference; fileEncoding = 4; lastKnownFileType = sourcecode.swift; path = UIColorExtension.swift; sourceTree = "<group>"; };
		18DEC7431AE6517500F8F661 /* UpdateInterestViewController.swift */ = {isa = PBXFileReference; fileEncoding = 4; lastKnownFileType = sourcecode.swift; path = UpdateInterestViewController.swift; sourceTree = "<group>"; };
		18DEC7591AE6D3D900F8F661 /* CRFilter.h */ = {isa = PBXFileReference; fileEncoding = 4; lastKnownFileType = sourcecode.c.h; path = CRFilter.h; sourceTree = "<group>"; };
		18DEC75A1AE6D3D900F8F661 /* Crittercism.h */ = {isa = PBXFileReference; fileEncoding = 4; lastKnownFileType = sourcecode.c.h; path = Crittercism.h; sourceTree = "<group>"; };
		18DEC75B1AE6D3D900F8F661 /* CrittercismConfig.h */ = {isa = PBXFileReference; fileEncoding = 4; lastKnownFileType = sourcecode.c.h; path = CrittercismConfig.h; sourceTree = "<group>"; };
		18DEC75C1AE6D3D900F8F661 /* CrittercismDelegate.h */ = {isa = PBXFileReference; fileEncoding = 4; lastKnownFileType = sourcecode.c.h; path = CrittercismDelegate.h; sourceTree = "<group>"; };
		18DEC75D1AE6D3D900F8F661 /* dsym_upload.sh */ = {isa = PBXFileReference; fileEncoding = 4; lastKnownFileType = text.script.sh; path = dsym_upload.sh; sourceTree = "<group>"; };
		18DEC75E1AE6D3D900F8F661 /* libCrittercism_v5_1_3.a */ = {isa = PBXFileReference; lastKnownFileType = archive.ar; path = libCrittercism_v5_1_3.a; sourceTree = "<group>"; };
		18E609BD1A85377F0082DC6C /* MenuViewController.swift */ = {isa = PBXFileReference; fileEncoding = 4; lastKnownFileType = sourcecode.swift; path = MenuViewController.swift; sourceTree = "<group>"; };
		18F0EC7D1AF77B5500E6D055 /* InformerlyFeed.swift */ = {isa = PBXFileReference; fileEncoding = 4; lastKnownFileType = sourcecode.swift; path = InformerlyFeed.swift; sourceTree = "<group>"; };
		18F71CA01A821A8600F74910 /* Feeds.swift */ = {isa = PBXFileReference; fileEncoding = 4; lastKnownFileType = sourcecode.swift; path = Feeds.swift; sourceTree = "<group>"; };
		A12D439C1A8ACA950066E2F3 /* Bolts.framework */ = {isa = PBXFileReference; lastKnownFileType = wrapper.framework; path = Bolts.framework; sourceTree = "<group>"; };
		A12D439D1A8ACA950066E2F3 /* Parse.framework */ = {isa = PBXFileReference; lastKnownFileType = wrapper.framework; path = Parse.framework; sourceTree = "<group>"; };
		A12D43A01A8ACABB0066E2F3 /* AudioToolbox.framework */ = {isa = PBXFileReference; lastKnownFileType = wrapper.framework; name = AudioToolbox.framework; path = System/Library/Frameworks/AudioToolbox.framework; sourceTree = SDKROOT; };
		A12D43A21A8ACACA0066E2F3 /* CFNetwork.framework */ = {isa = PBXFileReference; lastKnownFileType = wrapper.framework; name = CFNetwork.framework; path = System/Library/Frameworks/CFNetwork.framework; sourceTree = SDKROOT; };
		A12D43A31A8ACACA0066E2F3 /* CoreGraphics.framework */ = {isa = PBXFileReference; lastKnownFileType = wrapper.framework; name = CoreGraphics.framework; path = System/Library/Frameworks/CoreGraphics.framework; sourceTree = SDKROOT; };
		A12D43A41A8ACACA0066E2F3 /* CoreLocation.framework */ = {isa = PBXFileReference; lastKnownFileType = wrapper.framework; name = CoreLocation.framework; path = System/Library/Frameworks/CoreLocation.framework; sourceTree = SDKROOT; };
		A12D43A81A8ACADD0066E2F3 /* MobileCoreServices.framework */ = {isa = PBXFileReference; lastKnownFileType = wrapper.framework; name = MobileCoreServices.framework; path = System/Library/Frameworks/MobileCoreServices.framework; sourceTree = SDKROOT; };
		A12D43AA1A8ACAE30066E2F3 /* QuartzCore.framework */ = {isa = PBXFileReference; lastKnownFileType = wrapper.framework; name = QuartzCore.framework; path = System/Library/Frameworks/QuartzCore.framework; sourceTree = SDKROOT; };
		A12D43AC1A8ACAF50066E2F3 /* Security.framework */ = {isa = PBXFileReference; lastKnownFileType = wrapper.framework; name = Security.framework; path = System/Library/Frameworks/Security.framework; sourceTree = SDKROOT; };
		A12D43AD1A8ACAF50066E2F3 /* StoreKit.framework */ = {isa = PBXFileReference; lastKnownFileType = wrapper.framework; name = StoreKit.framework; path = System/Library/Frameworks/StoreKit.framework; sourceTree = SDKROOT; };
		A12D43AE1A8ACAF50066E2F3 /* SystemConfiguration.framework */ = {isa = PBXFileReference; lastKnownFileType = wrapper.framework; name = SystemConfiguration.framework; path = System/Library/Frameworks/SystemConfiguration.framework; sourceTree = SDKROOT; };
		A12D43B21A8ACB1D0066E2F3 /* libsqlite3.dylib */ = {isa = PBXFileReference; lastKnownFileType = "compiled.mach-o.dylib"; name = libsqlite3.dylib; path = usr/lib/libsqlite3.dylib; sourceTree = SDKROOT; };
		A12D43B31A8ACB1D0066E2F3 /* libz.dylib */ = {isa = PBXFileReference; lastKnownFileType = "compiled.mach-o.dylib"; name = libz.dylib; path = usr/lib/libz.dylib; sourceTree = SDKROOT; };
		A1E79B6E1A8ADFBB00DED86C /* ParseCrashReporting.framework */ = {isa = PBXFileReference; lastKnownFileType = wrapper.framework; path = ParseCrashReporting.framework; sourceTree = "<group>"; };
		A1E79B721A8AE0A800DED86C /* libstdc++.6.dylib */ = {isa = PBXFileReference; lastKnownFileType = "compiled.mach-o.dylib"; name = "libstdc++.6.dylib"; path = "usr/lib/libstdc++.6.dylib"; sourceTree = SDKROOT; };
/* End PBXFileReference section */

/* Begin PBXFrameworksBuildPhase section */
		1845B9891A7F8A5F00172610 /* Frameworks */ = {
			isa = PBXFrameworksBuildPhase;
			buildActionMask = 2147483647;
			files = (
				A1E79B741A8AE0F800DED86C /* libstdc++.6.dylib in Frameworks */,
				A12D43B41A8ACB1D0066E2F3 /* libsqlite3.dylib in Frameworks */,
				18DEC7601AE6D3D900F8F661 /* libCrittercism_v5_1_3.a in Frameworks */,
				A12D43B51A8ACB1D0066E2F3 /* libz.dylib in Frameworks */,
				A12D43AF1A8ACAF50066E2F3 /* Security.framework in Frameworks */,
				A12D43B01A8ACAF50066E2F3 /* StoreKit.framework in Frameworks */,
				A12D43B11A8ACAF50066E2F3 /* SystemConfiguration.framework in Frameworks */,
				A1E79B6F1A8ADFBB00DED86C /* ParseCrashReporting.framework in Frameworks */,
				A12D43AB1A8ACAE30066E2F3 /* QuartzCore.framework in Frameworks */,
				A12D43A91A8ACADD0066E2F3 /* MobileCoreServices.framework in Frameworks */,
				A12D43A51A8ACACA0066E2F3 /* CFNetwork.framework in Frameworks */,
				A12D43A61A8ACACA0066E2F3 /* CoreGraphics.framework in Frameworks */,
				A12D43A71A8ACACA0066E2F3 /* CoreLocation.framework in Frameworks */,
				A12D43A11A8ACABB0066E2F3 /* AudioToolbox.framework in Frameworks */,
				A12D439F1A8ACA950066E2F3 /* Parse.framework in Frameworks */,
				A12D439E1A8ACA950066E2F3 /* Bolts.framework in Frameworks */,
			);
			runOnlyForDeploymentPostprocessing = 0;
		};
		1845B99E1A7F8A5F00172610 /* Frameworks */ = {
			isa = PBXFrameworksBuildPhase;
			buildActionMask = 2147483647;
			files = (
			);
			runOnlyForDeploymentPostprocessing = 0;
		};
		186BD5371A9711FE0044C86B /* Frameworks */ = {
			isa = PBXFrameworksBuildPhase;
			buildActionMask = 2147483647;
			files = (
				186BD53D1A9711FE0044C86B /* NotificationCenter.framework in Frameworks */,
			);
			runOnlyForDeploymentPostprocessing = 0;
		};
/* End PBXFrameworksBuildPhase section */

/* Begin PBXGroup section */
		1803D2B31ACD187900D6C1DE /* SGNavigationProgressBar */ = {
			isa = PBXGroup;
			children = (
				1803D2B41ACD189E00D6C1DE /* SGProgressView.h */,
				1803D2B51ACD189E00D6C1DE /* SGProgressView.m */,
				1803D2B61ACD189E00D6C1DE /* UINavigationController+SGProgress.h */,
				1803D2B71ACD189E00D6C1DE /* UINavigationController+SGProgress.m */,
			);
			path = SGNavigationProgressBar;
			sourceTree = "<group>";
		};
		1803D2E21ACD695400D6C1DE /* MFSideMenu */ = {
			isa = PBXGroup;
			children = (
				1803D2E31ACD695D00D6C1DE /* MFSideMenu.h */,
				1803D2E41ACD695D00D6C1DE /* MFSideMenuContainerViewController.h */,
				1803D2E51ACD695D00D6C1DE /* MFSideMenuContainerViewController.m */,
				1803D2E61ACD695D00D6C1DE /* MFSideMenuShadow.h */,
				1803D2E71ACD695D00D6C1DE /* MFSideMenuShadow.m */,
				1803D2E81ACD695D00D6C1DE /* UIViewController+MFSideMenuAdditions.h */,
				1803D2E91ACD695D00D6C1DE /* UIViewController+MFSideMenuAdditions.m */,
			);
			path = MFSideMenu;
			sourceTree = "<group>";
		};
		1803D2EF1ACEA41A00D6C1DE /* TopMenu */ = {
			isa = PBXGroup;
			children = (
				1803D2F01ACEA42A00D6C1DE /* RECommonFunctions.h */,
				1803D2F11ACEA42A00D6C1DE /* RECommonFunctions.m */,
				1803D2F21ACEA42A00D6C1DE /* REMenu.h */,
				1803D2F31ACEA42A00D6C1DE /* REMenu.m */,
				1803D2F41ACEA42A00D6C1DE /* REMenuContainerView.h */,
				1803D2F51ACEA42A00D6C1DE /* REMenuContainerView.m */,
				1803D2F61ACEA42A00D6C1DE /* REMenuItem.h */,
				1803D2F71ACEA42A00D6C1DE /* REMenuItem.m */,
				1803D2F81ACEA42A00D6C1DE /* REMenuItemView.h */,
				1803D2F91ACEA42A00D6C1DE /* REMenuItemView.m */,
			);
			path = TopMenu;
			sourceTree = "<group>";
		};
		1845B9831A7F8A5F00172610 = {
			isa = PBXGroup;
			children = (
				1845B98E1A7F8A5F00172610 /* Informerly */,
				1845B9A41A7F8A5F00172610 /* InformerlyTests */,
				186BD53E1A9711FE0044C86B /* Informerly Widget */,
				186BD53B1A9711FE0044C86B /* Frameworks */,
				1845B98D1A7F8A5F00172610 /* Products */,
			);
			sourceTree = "<group>";
		};
		1845B98D1A7F8A5F00172610 /* Products */ = {
			isa = PBXGroup;
			children = (
				1845B98C1A7F8A5F00172610 /* Informerly.app */,
				1845B9A11A7F8A5F00172610 /* InformerlyTests.xctest */,
				186BD53A1A9711FE0044C86B /* Informerly Widget.appex */,
			);
			name = Products;
			sourceTree = "<group>";
		};
		1845B98E1A7F8A5F00172610 /* Informerly */ = {
			isa = PBXGroup;
			children = (
				186BD58C1A97407F0044C86B /* Informerly.entitlements */,
				A1E79B711A8AE00700DED86C /* Frameworks */,
				18C65E151A83567A00BBA510 /* Fonts */,
				18D75DD01A834DAD00BFEF6E /* Extensions */,
				18D75DCD1A834C0200BFEF6E /* Utitlities */,
				1845B9DD1A7F8F9D00172610 /* Network Manager */,
				1845B9D91A7F8DEB00172610 /* Bridging-header */,
				1845B9B11A7F8C4600172610 /* Constants */,
				1845B9B21A7F8C4600172610 /* Models */,
				1845B9B31A7F8C4600172610 /* Third Party Libs */,
				1845B9B51A7F8C4600172610 /* ViewControllers */,
				1845B9911A7F8A5F00172610 /* AppDelegate.swift */,
				1845B9951A7F8A5F00172610 /* Main.storyboard */,
				1845B9981A7F8A5F00172610 /* Images.xcassets */,
				1845B98F1A7F8A5F00172610 /* Supporting Files */,
			);
			path = Informerly;
			sourceTree = "<group>";
		};
		1845B98F1A7F8A5F00172610 /* Supporting Files */ = {
			isa = PBXGroup;
			children = (
				1845B9901A7F8A5F00172610 /* Info.plist */,
			);
			name = "Supporting Files";
			sourceTree = "<group>";
		};
		1845B9A41A7F8A5F00172610 /* InformerlyTests */ = {
			isa = PBXGroup;
			children = (
				1845B9A71A7F8A5F00172610 /* InformerlyTests.swift */,
				1845B9A51A7F8A5F00172610 /* Supporting Files */,
			);
			path = InformerlyTests;
			sourceTree = "<group>";
		};
		1845B9A51A7F8A5F00172610 /* Supporting Files */ = {
			isa = PBXGroup;
			children = (
				1845B9A61A7F8A5F00172610 /* Info.plist */,
			);
			name = "Supporting Files";
			sourceTree = "<group>";
		};
		1845B9B11A7F8C4600172610 /* Constants */ = {
			isa = PBXGroup;
			children = (
				1845B9E41A7F905600172610 /* Constants.swift */,
			);
			path = Constants;
			sourceTree = "<group>";
		};
		1845B9B21A7F8C4600172610 /* Models */ = {
			isa = PBXGroup;
			children = (
				1845B9E61A7FB00700172610 /* User.swift */,
				18F71CA01A821A8600F74910 /* Feeds.swift */,
				1811D9B01AF4B07E00C135FF /* Bookmarks.swift */,
				18F0EC7D1AF77B5500E6D055 /* InformerlyFeed.swift */,
			);
			path = Models;
			sourceTree = "<group>";
		};
		1845B9B31A7F8C4600172610 /* Third Party Libs */ = {
			isa = PBXGroup;
			children = (
				18DEC7581AE6D3C100F8F661 /* Crittercism */,
				1803D2EF1ACEA41A00D6C1DE /* TopMenu */,
				1803D2E21ACD695400D6C1DE /* MFSideMenu */,
				1803D2B31ACD187900D6C1DE /* SGNavigationProgressBar */,
				188B077E1AB17A5A00447CD9 /* Reachability */,
				186BD5661A973B0B0044C86B /* AFNetworking */,
			);
			path = "Third Party Libs";
			sourceTree = "<group>";
		};
		1845B9B51A7F8C4600172610 /* ViewControllers */ = {
			isa = PBXGroup;
			children = (
				18DEC7421AE6513800F8F661 /* UpdateInterestVC */,
				187EAA561A8DFF42000ED503 /* HelpViewController */,
				187EAA531A8DD686000ED503 /* FeedbackViewController */,
				18E609BC1A85376A0082DC6C /* MenuViewController */,
				18D75DC81A823FB700BFEF6E /* ArticleViewController */,
				18D75DC51A8224B900BFEF6E /* FeedViewController */,
				1845B9B91A7F8CFE00172610 /* LoginViewController */,
			);
			path = ViewControllers;
			sourceTree = "<group>";
		};
		1845B9B91A7F8CFE00172610 /* LoginViewController */ = {
			isa = PBXGroup;
			children = (
				1845B9BA1A7F8CFE00172610 /* LoginViewController.swift */,
			);
			path = LoginViewController;
			sourceTree = "<group>";
		};
		1845B9D91A7F8DEB00172610 /* Bridging-header */ = {
			isa = PBXGroup;
			children = (
				1845B9DC1A7F8EE400172610 /* bridging-header.h */,
			);
			path = "Bridging-header";
			sourceTree = "<group>";
		};
		1845B9DD1A7F8F9D00172610 /* Network Manager */ = {
			isa = PBXGroup;
			children = (
				1845B9DE1A7F8F9D00172610 /* NetworkManager.h */,
				1845B9DF1A7F8F9D00172610 /* NetworkManager.m */,
			);
			path = "Network Manager";
			sourceTree = "<group>";
		};
		186BD53B1A9711FE0044C86B /* Frameworks */ = {
			isa = PBXGroup;
			children = (
				186BD53C1A9711FE0044C86B /* NotificationCenter.framework */,
			);
			name = Frameworks;
			sourceTree = "<group>";
		};
		186BD53E1A9711FE0044C86B /* Informerly Widget */ = {
			isa = PBXGroup;
			children = (
				186BD58D1A97417B0044C86B /* Informerly Widget.entitlements */,
				186BD5411A9711FE0044C86B /* TodayViewController.swift */,
				186BD5431A9711FE0044C86B /* MainInterface.storyboard */,
				186BD53F1A9711FE0044C86B /* Supporting Files */,
				186BD54C1A97206A0044C86B /* Bridging-Header.h */,
			);
			path = "Informerly Widget";
			sourceTree = "<group>";
		};
		186BD53F1A9711FE0044C86B /* Supporting Files */ = {
			isa = PBXGroup;
			children = (
				186BD5401A9711FE0044C86B /* Info.plist */,
			);
			name = "Supporting Files";
			sourceTree = "<group>";
		};
		186BD5661A973B0B0044C86B /* AFNetworking */ = {
			isa = PBXGroup;
			children = (
				186BD5671A973B0B0044C86B /* AFHTTPRequestOperation.h */,
				186BD5681A973B0B0044C86B /* AFHTTPRequestOperation.m */,
				186BD5691A973B0B0044C86B /* AFHTTPRequestOperationManager.h */,
				186BD56A1A973B0B0044C86B /* AFHTTPRequestOperationManager.m */,
				186BD56B1A973B0B0044C86B /* AFHTTPSessionManager.h */,
				186BD56C1A973B0B0044C86B /* AFHTTPSessionManager.m */,
				186BD56D1A973B0B0044C86B /* AFNetworking.h */,
				186BD56E1A973B0B0044C86B /* AFNetworkReachabilityManager.h */,
				186BD56F1A973B0B0044C86B /* AFNetworkReachabilityManager.m */,
				186BD5701A973B0B0044C86B /* AFSecurityPolicy.h */,
				186BD5711A973B0B0044C86B /* AFSecurityPolicy.m */,
				186BD5721A973B0B0044C86B /* AFURLConnectionOperation.h */,
				186BD5731A973B0B0044C86B /* AFURLConnectionOperation.m */,
				186BD5741A973B0B0044C86B /* AFURLRequestSerialization.h */,
				186BD5751A973B0B0044C86B /* AFURLRequestSerialization.m */,
				186BD5761A973B0B0044C86B /* AFURLResponseSerialization.h */,
				186BD5771A973B0B0044C86B /* AFURLResponseSerialization.m */,
				186BD5781A973B0B0044C86B /* AFURLSessionManager.h */,
				186BD5791A973B0B0044C86B /* AFURLSessionManager.m */,
			);
			path = AFNetworking;
			sourceTree = "<group>";
		};
		187EAA531A8DD686000ED503 /* FeedbackViewController */ = {
			isa = PBXGroup;
			children = (
				187EAA541A8DD6A6000ED503 /* FeedbackViewController.swift */,
			);
			path = FeedbackViewController;
			sourceTree = "<group>";
		};
		187EAA561A8DFF42000ED503 /* HelpViewController */ = {
			isa = PBXGroup;
			children = (
				187EAA571A8DFF8A000ED503 /* HelpViewController.swift */,
			);
			path = HelpViewController;
			sourceTree = "<group>";
		};
		188B077E1AB17A5A00447CD9 /* Reachability */ = {
			isa = PBXGroup;
			children = (
				188B077F1AB17A6400447CD9 /* Reachability.h */,
				188B07801AB17A6400447CD9 /* Reachability.m */,
			);
			path = Reachability;
			sourceTree = "<group>";
		};
		18C65E151A83567A00BBA510 /* Fonts */ = {
			isa = PBXGroup;
			children = (
				18C65E161A83568700BBA510 /* open-sans */,
			);
			path = Fonts;
			sourceTree = "<group>";
		};
		18C65E161A83568700BBA510 /* open-sans */ = {
			isa = PBXGroup;
			children = (
				18C65E171A83568700BBA510 /* Apache License.txt */,
				18C65E181A83568700BBA510 /* OpenSans-Bold.ttf */,
				18C65E191A83568700BBA510 /* OpenSans-BoldItalic.ttf */,
				18C65E1A1A83568700BBA510 /* OpenSans-ExtraBold.ttf */,
				18C65E1B1A83568700BBA510 /* OpenSans-ExtraBoldItalic.ttf */,
				18C65E1C1A83568700BBA510 /* OpenSans-Italic.ttf */,
				18C65E1D1A83568700BBA510 /* OpenSans-Light.ttf */,
				18C65E1E1A83568700BBA510 /* OpenSans-LightItalic.ttf */,
				18C65E1F1A83568700BBA510 /* OpenSans-Regular.ttf */,
				18C65E201A83568700BBA510 /* OpenSans-Semibold.ttf */,
				18C65E211A83568700BBA510 /* OpenSans-SemiboldItalic.ttf */,
			);
			path = "open-sans";
			sourceTree = "<group>";
		};
		18D75DC51A8224B900BFEF6E /* FeedViewController */ = {
			isa = PBXGroup;
			children = (
				18D75DC61A8224CB00BFEF6E /* FeedViewController.swift */,
			);
			path = FeedViewController;
			sourceTree = "<group>";
		};
		18D75DC81A823FB700BFEF6E /* ArticleViewController */ = {
			isa = PBXGroup;
			children = (
				18D75DC91A823FC600BFEF6E /* ArticleViewController.swift */,
			);
			path = ArticleViewController;
			sourceTree = "<group>";
		};
		18D75DCD1A834C0200BFEF6E /* Utitlities */ = {
			isa = PBXGroup;
			children = (
				18D75DCE1A834C0200BFEF6E /* Utilities.swift */,
			);
			path = Utitlities;
			sourceTree = "<group>";
		};
		18D75DD01A834DAD00BFEF6E /* Extensions */ = {
			isa = PBXGroup;
			children = (
				18D75DD11A834EB200BFEF6E /* UIColorExtension.swift */,
			);
			path = Extensions;
			sourceTree = "<group>";
		};
		18DEC7421AE6513800F8F661 /* UpdateInterestVC */ = {
			isa = PBXGroup;
			children = (
				18DEC7431AE6517500F8F661 /* UpdateInterestViewController.swift */,
			);
			path = UpdateInterestVC;
			sourceTree = "<group>";
		};
		18DEC7581AE6D3C100F8F661 /* Crittercism */ = {
			isa = PBXGroup;
			children = (
				18DEC7591AE6D3D900F8F661 /* CRFilter.h */,
				18DEC75A1AE6D3D900F8F661 /* Crittercism.h */,
				18DEC75B1AE6D3D900F8F661 /* CrittercismConfig.h */,
				18DEC75C1AE6D3D900F8F661 /* CrittercismDelegate.h */,
				18DEC75D1AE6D3D900F8F661 /* dsym_upload.sh */,
				18DEC75E1AE6D3D900F8F661 /* libCrittercism_v5_1_3.a */,
			);
			path = Crittercism;
			sourceTree = "<group>";
		};
		18E609BC1A85376A0082DC6C /* MenuViewController */ = {
			isa = PBXGroup;
			children = (
				18E609BD1A85377F0082DC6C /* MenuViewController.swift */,
				1803D2ED1ACD6D2F00D6C1DE /* LeftMenuViewController.swift */,
			);
			path = MenuViewController;
			sourceTree = "<group>";
		};
		A1E79B711A8AE00700DED86C /* Frameworks */ = {
			isa = PBXGroup;
			children = (
				A1E79B6E1A8ADFBB00DED86C /* ParseCrashReporting.framework */,
				A12D43B21A8ACB1D0066E2F3 /* libsqlite3.dylib */,
				A1E79B721A8AE0A800DED86C /* libstdc++.6.dylib */,
				A12D43B31A8ACB1D0066E2F3 /* libz.dylib */,
				A12D43AC1A8ACAF50066E2F3 /* Security.framework */,
				A12D43AD1A8ACAF50066E2F3 /* StoreKit.framework */,
				A12D43AE1A8ACAF50066E2F3 /* SystemConfiguration.framework */,
				A12D43AA1A8ACAE30066E2F3 /* QuartzCore.framework */,
				A12D43A81A8ACADD0066E2F3 /* MobileCoreServices.framework */,
				A12D43A21A8ACACA0066E2F3 /* CFNetwork.framework */,
				A12D43A31A8ACACA0066E2F3 /* CoreGraphics.framework */,
				A12D43A41A8ACACA0066E2F3 /* CoreLocation.framework */,
				A12D43A01A8ACABB0066E2F3 /* AudioToolbox.framework */,
				A12D439C1A8ACA950066E2F3 /* Bolts.framework */,
				A12D439D1A8ACA950066E2F3 /* Parse.framework */,
			);
			name = Frameworks;
			path = ..;
			sourceTree = "<group>";
		};
/* End PBXGroup section */

/* Begin PBXNativeTarget section */
		1845B98B1A7F8A5F00172610 /* Informerly */ = {
			isa = PBXNativeTarget;
			buildConfigurationList = 1845B9AB1A7F8A5F00172610 /* Build configuration list for PBXNativeTarget "Informerly" */;
			buildPhases = (
				1845B9881A7F8A5F00172610 /* Sources */,
				1845B9891A7F8A5F00172610 /* Frameworks */,
				1845B98A1A7F8A5F00172610 /* Resources */,
				186BD54B1A9711FE0044C86B /* Embed App Extensions */,
				18DEC7611AE7AE8500F8F661 /* ShellScript */,
				18DEC7621AE7BB5B00F8F661 /* ShellScript */,
			);
			buildRules = (
			);
			dependencies = (
				186BD5461A9711FE0044C86B /* PBXTargetDependency */,
			);
			name = Informerly;
			productName = Informerly;
			productReference = 1845B98C1A7F8A5F00172610 /* Informerly.app */;
			productType = "com.apple.product-type.application";
		};
		1845B9A01A7F8A5F00172610 /* InformerlyTests */ = {
			isa = PBXNativeTarget;
			buildConfigurationList = 1845B9AE1A7F8A5F00172610 /* Build configuration list for PBXNativeTarget "InformerlyTests" */;
			buildPhases = (
				1845B99D1A7F8A5F00172610 /* Sources */,
				1845B99E1A7F8A5F00172610 /* Frameworks */,
				1845B99F1A7F8A5F00172610 /* Resources */,
			);
			buildRules = (
			);
			dependencies = (
				1845B9A31A7F8A5F00172610 /* PBXTargetDependency */,
			);
			name = InformerlyTests;
			productName = InformerlyTests;
			productReference = 1845B9A11A7F8A5F00172610 /* InformerlyTests.xctest */;
			productType = "com.apple.product-type.bundle.unit-test";
		};
		186BD5391A9711FE0044C86B /* Informerly Widget */ = {
			isa = PBXNativeTarget;
			buildConfigurationList = 186BD5481A9711FE0044C86B /* Build configuration list for PBXNativeTarget "Informerly Widget" */;
			buildPhases = (
				186BD5361A9711FE0044C86B /* Sources */,
				186BD5371A9711FE0044C86B /* Frameworks */,
				186BD5381A9711FE0044C86B /* Resources */,
			);
			buildRules = (
			);
			dependencies = (
			);
			name = "Informerly Widget";
			productName = "Informerly Widget";
			productReference = 186BD53A1A9711FE0044C86B /* Informerly Widget.appex */;
			productType = "com.apple.product-type.app-extension";
		};
/* End PBXNativeTarget section */

/* Begin PBXProject section */
		1845B9841A7F8A5F00172610 /* Project object */ = {
			isa = PBXProject;
			attributes = {
				LastUpgradeCheck = 0610;
				ORGANIZATIONNAME = Informerly;
				TargetAttributes = {
					1845B98B1A7F8A5F00172610 = {
						CreatedOnToolsVersion = 6.1.1;
						DevelopmentTeam = A57A24JB8M;
						SystemCapabilities = {
							com.apple.ApplicationGroups.iOS = {
								enabled = 1;
							};
						};
					};
					1845B9A01A7F8A5F00172610 = {
						CreatedOnToolsVersion = 6.1.1;
						TestTargetID = 1845B98B1A7F8A5F00172610;
					};
					186BD5391A9711FE0044C86B = {
						CreatedOnToolsVersion = 6.1.1;
						DevelopmentTeam = A57A24JB8M;
						SystemCapabilities = {
							com.apple.ApplicationGroups.iOS = {
								enabled = 1;
							};
						};
					};
				};
			};
			buildConfigurationList = 1845B9871A7F8A5F00172610 /* Build configuration list for PBXProject "Informerly" */;
			compatibilityVersion = "Xcode 3.2";
			developmentRegion = English;
			hasScannedForEncodings = 0;
			knownRegions = (
				en,
				Base,
			);
			mainGroup = 1845B9831A7F8A5F00172610;
			productRefGroup = 1845B98D1A7F8A5F00172610 /* Products */;
			projectDirPath = "";
			projectRoot = "";
			targets = (
				1845B98B1A7F8A5F00172610 /* Informerly */,
				1845B9A01A7F8A5F00172610 /* InformerlyTests */,
				186BD5391A9711FE0044C86B /* Informerly Widget */,
			);
		};
/* End PBXProject section */

/* Begin PBXResourcesBuildPhase section */
		1845B98A1A7F8A5F00172610 /* Resources */ = {
			isa = PBXResourcesBuildPhase;
			buildActionMask = 2147483647;
			files = (
				18C65E271A83568700BBA510 /* OpenSans-Italic.ttf in Resources */,
				18C65E241A83568700BBA510 /* OpenSans-BoldItalic.ttf in Resources */,
				1845B9971A7F8A5F00172610 /* Main.storyboard in Resources */,
				18C65E2B1A83568700BBA510 /* OpenSans-Semibold.ttf in Resources */,
				18C65E251A83568700BBA510 /* OpenSans-ExtraBold.ttf in Resources */,
				18C65E221A83568700BBA510 /* Apache License.txt in Resources */,
				18C65E291A83568700BBA510 /* OpenSans-LightItalic.ttf in Resources */,
				18C65E231A83568700BBA510 /* OpenSans-Bold.ttf in Resources */,
				1845B9991A7F8A5F00172610 /* Images.xcassets in Resources */,
				18C65E2C1A83568700BBA510 /* OpenSans-SemiboldItalic.ttf in Resources */,
				18C65E281A83568700BBA510 /* OpenSans-Light.ttf in Resources */,
				18C65E2A1A83568700BBA510 /* OpenSans-Regular.ttf in Resources */,
				18C65E261A83568700BBA510 /* OpenSans-ExtraBoldItalic.ttf in Resources */,
			);
			runOnlyForDeploymentPostprocessing = 0;
		};
		1845B99F1A7F8A5F00172610 /* Resources */ = {
			isa = PBXResourcesBuildPhase;
			buildActionMask = 2147483647;
			files = (
			);
			runOnlyForDeploymentPostprocessing = 0;
		};
		186BD5381A9711FE0044C86B /* Resources */ = {
			isa = PBXResourcesBuildPhase;
			buildActionMask = 2147483647;
			files = (
				18ECA3DB1A979EBB0009DFA6 /* OpenSans-Regular.ttf in Resources */,
				18ECA3DA1A979EA90009DFA6 /* OpenSans-Bold.ttf in Resources */,
				186BD5441A9711FE0044C86B /* MainInterface.storyboard in Resources */,
			);
			runOnlyForDeploymentPostprocessing = 0;
		};
/* End PBXResourcesBuildPhase section */

/* Begin PBXShellScriptBuildPhase section */
		18DEC7611AE7AE8500F8F661 /* ShellScript */ = {
			isa = PBXShellScriptBuildPhase;
			buildActionMask = 2147483647;
			files = (
			);
			inputPaths = (
			);
			outputPaths = (
			);
			runOnlyForDeploymentPostprocessing = 0;
			shellPath = /bin/sh;
			shellScript = "#APP_ID=\"553120c07365f84f7d3d6e79\"\n#API_KEY=\"i8bqFvSGs2KXJJoz4RpA46Zv4yhsm7hg\"\n#source \"${SRCROOT}/Informerly/Third Party Libs/Crittercism/dsym_upload.sh\"";
		};
		18DEC7621AE7BB5B00F8F661 /* ShellScript */ = {
			isa = PBXShellScriptBuildPhase;
			buildActionMask = 2147483647;
			files = (
			);
			inputPaths = (
			);
			outputPaths = (
			);
			runOnlyForDeploymentPostprocessing = 0;
			shellPath = /bin/sh;
			shellScript = "#export PATH=/usr/local/bin:$PATH\n#cd ${SRCROOT}/parse\n\n#parse symbols -p \"${DWARF_DSYM_FOLDER_PATH}/${DWARF_DSYM_FILE_NAME}\"";
		};
/* End PBXShellScriptBuildPhase section */

/* Begin PBXSourcesBuildPhase section */
		1845B9881A7F8A5F00172610 /* Sources */ = {
			isa = PBXSourcesBuildPhase;
			buildActionMask = 2147483647;
			files = (
				1845B9E51A7F905600172610 /* Constants.swift in Sources */,
				1803D2FA1ACEA42A00D6C1DE /* RECommonFunctions.m in Sources */,
				1845B9BB1A7F8CFE00172610 /* LoginViewController.swift in Sources */,
				186BD57C1A973B0B0044C86B /* AFHTTPRequestOperationManager.m in Sources */,
				1845B9E01A7F8F9D00172610 /* NetworkManager.m in Sources */,
				186BD5841A973B0B0044C86B /* AFURLConnectionOperation.m in Sources */,
				18F0EC7E1AF77B5500E6D055 /* InformerlyFeed.swift in Sources */,
				1803D2B81ACD189E00D6C1DE /* SGProgressView.m in Sources */,
				1803D2EE1ACD6D2F00D6C1DE /* LeftMenuViewController.swift in Sources */,
				1803D2FD1ACEA42A00D6C1DE /* REMenuItem.m in Sources */,
				18D75DD21A834EB200BFEF6E /* UIColorExtension.swift in Sources */,
				18D75DCF1A834C0200BFEF6E /* Utilities.swift in Sources */,
				1811D9B11AF4B07E00C135FF /* Bookmarks.swift in Sources */,
				186BD5861A973B0B0044C86B /* AFURLRequestSerialization.m in Sources */,
				187EAA551A8DD6A6000ED503 /* FeedbackViewController.swift in Sources */,
				186BD57E1A973B0B0044C86B /* AFHTTPSessionManager.m in Sources */,
				186BD57A1A973B0B0044C86B /* AFHTTPRequestOperation.m in Sources */,
				187EAA581A8DFF8A000ED503 /* HelpViewController.swift in Sources */,
				1803D2EC1ACD695D00D6C1DE /* UIViewController+MFSideMenuAdditions.m in Sources */,
				18DEC7441AE6517500F8F661 /* UpdateInterestViewController.swift in Sources */,
				1803D2EA1ACD695D00D6C1DE /* MFSideMenuContainerViewController.m in Sources */,
				186BD5821A973B0B0044C86B /* AFSecurityPolicy.m in Sources */,
				1803D2FE1ACEA42A00D6C1DE /* REMenuItemView.m in Sources */,
				1845B9E71A7FB00700172610 /* User.swift in Sources */,
				186BD5801A973B0B0044C86B /* AFNetworkReachabilityManager.m in Sources */,
				1803D2B91ACD189E00D6C1DE /* UINavigationController+SGProgress.m in Sources */,
				186BD58A1A973B0B0044C86B /* AFURLSessionManager.m in Sources */,
				18E609BE1A85377F0082DC6C /* MenuViewController.swift in Sources */,
				188B07811AB17A6400447CD9 /* Reachability.m in Sources */,
				1803D2FB1ACEA42A00D6C1DE /* REMenu.m in Sources */,
				18D75DC71A8224CB00BFEF6E /* FeedViewController.swift in Sources */,
				1803D2FC1ACEA42A00D6C1DE /* REMenuContainerView.m in Sources */,
				1803D2EB1ACD695D00D6C1DE /* MFSideMenuShadow.m in Sources */,
				18D75DCA1A823FC600BFEF6E /* ArticleViewController.swift in Sources */,
				18F71CA11A821A8600F74910 /* Feeds.swift in Sources */,
				186BD5881A973B0B0044C86B /* AFURLResponseSerialization.m in Sources */,
				1845B9921A7F8A5F00172610 /* AppDelegate.swift in Sources */,
			);
			runOnlyForDeploymentPostprocessing = 0;
		};
		1845B99D1A7F8A5F00172610 /* Sources */ = {
			isa = PBXSourcesBuildPhase;
			buildActionMask = 2147483647;
			files = (
				1845B9A81A7F8A5F00172610 /* InformerlyTests.swift in Sources */,
			);
			runOnlyForDeploymentPostprocessing = 0;
		};
		186BD5361A9711FE0044C86B /* Sources */ = {
			isa = PBXSourcesBuildPhase;
			buildActionMask = 2147483647;
			files = (
				188B07821AB17A6400447CD9 /* Reachability.m in Sources */,
				18ECA3DC1A97A59E0009DFA6 /* UIColorExtension.swift in Sources */,
				186BD5A61A9763290044C86B /* AFHTTPRequestOperation.m in Sources */,
				186BD5A81A9763290044C86B /* AFHTTPRequestOperationManager.m in Sources */,
				186BD5AA1A9763290044C86B /* AFHTTPSessionManager.m in Sources */,
				186BD5AD1A9763290044C86B /* AFNetworkReachabilityManager.m in Sources */,
				18F0EC7F1AF77B5500E6D055 /* InformerlyFeed.swift in Sources */,
				186BD5AF1A9763290044C86B /* AFSecurityPolicy.m in Sources */,
				186BD5B11A9763290044C86B /* AFURLConnectionOperation.m in Sources */,
				186BD5B31A9763290044C86B /* AFURLRequestSerialization.m in Sources */,
				186BD5B51A9763290044C86B /* AFURLResponseSerialization.m in Sources */,
				186BD5B71A9763290044C86B /* AFURLSessionManager.m in Sources */,
				186BD5A41A9762B40044C86B /* NetworkManager.m in Sources */,
				186BD5421A9711FE0044C86B /* TodayViewController.swift in Sources */,
			);
			runOnlyForDeploymentPostprocessing = 0;
		};
/* End PBXSourcesBuildPhase section */

/* Begin PBXTargetDependency section */
		1845B9A31A7F8A5F00172610 /* PBXTargetDependency */ = {
			isa = PBXTargetDependency;
			target = 1845B98B1A7F8A5F00172610 /* Informerly */;
			targetProxy = 1845B9A21A7F8A5F00172610 /* PBXContainerItemProxy */;
		};
		186BD5461A9711FE0044C86B /* PBXTargetDependency */ = {
			isa = PBXTargetDependency;
			target = 186BD5391A9711FE0044C86B /* Informerly Widget */;
			targetProxy = 186BD5451A9711FE0044C86B /* PBXContainerItemProxy */;
		};
/* End PBXTargetDependency section */

/* Begin PBXVariantGroup section */
		1845B9951A7F8A5F00172610 /* Main.storyboard */ = {
			isa = PBXVariantGroup;
			children = (
				1845B9961A7F8A5F00172610 /* Base */,
			);
			name = Main.storyboard;
			sourceTree = "<group>";
		};
/* End PBXVariantGroup section */

/* Begin XCBuildConfiguration section */
		1845B9A91A7F8A5F00172610 /* Debug */ = {
			isa = XCBuildConfiguration;
			buildSettings = {
				ALWAYS_SEARCH_USER_PATHS = NO;
				CLANG_CXX_LANGUAGE_STANDARD = "gnu++0x";
				CLANG_CXX_LIBRARY = "libc++";
				CLANG_ENABLE_MODULES = YES;
				CLANG_ENABLE_OBJC_ARC = YES;
				CLANG_WARN_BOOL_CONVERSION = YES;
				CLANG_WARN_CONSTANT_CONVERSION = YES;
				CLANG_WARN_DIRECT_OBJC_ISA_USAGE = YES_ERROR;
				CLANG_WARN_EMPTY_BODY = YES;
				CLANG_WARN_ENUM_CONVERSION = YES;
				CLANG_WARN_INT_CONVERSION = YES;
				CLANG_WARN_OBJC_ROOT_CLASS = YES_ERROR;
				CLANG_WARN_UNREACHABLE_CODE = YES;
				CLANG_WARN__DUPLICATE_METHOD_MATCH = YES;
				"CODE_SIGN_IDENTITY[sdk=iphoneos*]" = "iPhone Developer";
				COPY_PHASE_STRIP = NO;
				ENABLE_STRICT_OBJC_MSGSEND = YES;
				GCC_C_LANGUAGE_STANDARD = gnu99;
				GCC_DYNAMIC_NO_PIC = NO;
				GCC_OPTIMIZATION_LEVEL = 0;
				GCC_PREPROCESSOR_DEFINITIONS = (
					"DEBUG=1",
					"$(inherited)",
				);
				GCC_SYMBOLS_PRIVATE_EXTERN = NO;
				GCC_WARN_64_TO_32_BIT_CONVERSION = YES;
				GCC_WARN_ABOUT_RETURN_TYPE = YES_ERROR;
				GCC_WARN_UNDECLARED_SELECTOR = YES;
				GCC_WARN_UNINITIALIZED_AUTOS = YES_AGGRESSIVE;
				GCC_WARN_UNUSED_FUNCTION = YES;
				GCC_WARN_UNUSED_VARIABLE = YES;
				IPHONEOS_DEPLOYMENT_TARGET = 8.1;
				MTL_ENABLE_DEBUG_INFO = YES;
				ONLY_ACTIVE_ARCH = YES;
				SDKROOT = iphoneos;
				SWIFT_OPTIMIZATION_LEVEL = "-Onone";
			};
			name = Debug;
		};
		1845B9AA1A7F8A5F00172610 /* Release */ = {
			isa = XCBuildConfiguration;
			buildSettings = {
				ALWAYS_SEARCH_USER_PATHS = NO;
				CLANG_CXX_LANGUAGE_STANDARD = "gnu++0x";
				CLANG_CXX_LIBRARY = "libc++";
				CLANG_ENABLE_MODULES = YES;
				CLANG_ENABLE_OBJC_ARC = YES;
				CLANG_WARN_BOOL_CONVERSION = YES;
				CLANG_WARN_CONSTANT_CONVERSION = YES;
				CLANG_WARN_DIRECT_OBJC_ISA_USAGE = YES_ERROR;
				CLANG_WARN_EMPTY_BODY = YES;
				CLANG_WARN_ENUM_CONVERSION = YES;
				CLANG_WARN_INT_CONVERSION = YES;
				CLANG_WARN_OBJC_ROOT_CLASS = YES_ERROR;
				CLANG_WARN_UNREACHABLE_CODE = YES;
				CLANG_WARN__DUPLICATE_METHOD_MATCH = YES;
				"CODE_SIGN_IDENTITY[sdk=iphoneos*]" = "iPhone Developer";
				COPY_PHASE_STRIP = YES;
				ENABLE_NS_ASSERTIONS = NO;
				ENABLE_STRICT_OBJC_MSGSEND = YES;
				GCC_C_LANGUAGE_STANDARD = gnu99;
				GCC_WARN_64_TO_32_BIT_CONVERSION = YES;
				GCC_WARN_ABOUT_RETURN_TYPE = YES_ERROR;
				GCC_WARN_UNDECLARED_SELECTOR = YES;
				GCC_WARN_UNINITIALIZED_AUTOS = YES_AGGRESSIVE;
				GCC_WARN_UNUSED_FUNCTION = YES;
				GCC_WARN_UNUSED_VARIABLE = YES;
				IPHONEOS_DEPLOYMENT_TARGET = 8.1;
				MTL_ENABLE_DEBUG_INFO = NO;
				SDKROOT = iphoneos;
				VALIDATE_PRODUCT = YES;
			};
			name = Release;
		};
		1845B9AC1A7F8A5F00172610 /* Debug */ = {
			isa = XCBuildConfiguration;
			buildSettings = {
				ASSETCATALOG_COMPILER_APPICON_NAME = AppIcon;
				ASSETCATALOG_COMPILER_LAUNCHIMAGE_NAME = LaunchImage;
				CODE_SIGN_ENTITLEMENTS = Informerly/Informerly.entitlements;
				CODE_SIGN_IDENTITY = "iPhone Developer";
				"CODE_SIGN_IDENTITY[sdk=iphoneos*]" = "iPhone Developer";
				EMBEDDED_CONTENT_CONTAINS_SWIFT = YES;
				FRAMEWORK_SEARCH_PATHS = (
					"$(inherited)",
					"$(PROJECT_DIR)",
				);
				INFOPLIST_FILE = Informerly/Info.plist;
				IPHONEOS_DEPLOYMENT_TARGET = 8.0;
				LD_RUNPATH_SEARCH_PATHS = "$(inherited) @executable_path/Frameworks";
				LIBRARY_SEARCH_PATHS = "$(PROJECT_DIR)/Informerly/Third\\ Party\\ Libs/Crittercism";
				PRODUCT_NAME = "$(TARGET_NAME)";
				PROVISIONING_PROFILE = "";
				SWIFT_OBJC_BRIDGING_HEADER = "Informerly/Bridging-header/bridging-header.h";
			};
			name = Debug;
		};
		1845B9AD1A7F8A5F00172610 /* Release */ = {
			isa = XCBuildConfiguration;
			buildSettings = {
				ASSETCATALOG_COMPILER_APPICON_NAME = AppIcon;
				ASSETCATALOG_COMPILER_LAUNCHIMAGE_NAME = LaunchImage;
				CODE_SIGN_ENTITLEMENTS = Informerly/Informerly.entitlements;
				CODE_SIGN_IDENTITY = "iPhone Developer";
				"CODE_SIGN_IDENTITY[sdk=iphoneos*]" = "iPhone Developer";
				EMBEDDED_CONTENT_CONTAINS_SWIFT = YES;
				FRAMEWORK_SEARCH_PATHS = (
					"$(inherited)",
					"$(PROJECT_DIR)",
				);
				INFOPLIST_FILE = Informerly/Info.plist;
				IPHONEOS_DEPLOYMENT_TARGET = 8.0;
				LD_RUNPATH_SEARCH_PATHS = "$(inherited) @executable_path/Frameworks";
				LIBRARY_SEARCH_PATHS = "$(PROJECT_DIR)/Informerly/Third\\ Party\\ Libs/Crittercism";
				PRODUCT_NAME = "$(TARGET_NAME)";
				PROVISIONING_PROFILE = "";
				SWIFT_OBJC_BRIDGING_HEADER = "Informerly/Bridging-header/bridging-header.h";
			};
			name = Release;
		};
		1845B9AF1A7F8A5F00172610 /* Debug */ = {
			isa = XCBuildConfiguration;
			buildSettings = {
				BUNDLE_LOADER = "$(TEST_HOST)";
				FRAMEWORK_SEARCH_PATHS = (
					"$(SDKROOT)/Developer/Library/Frameworks",
					"$(inherited)",
				);
				GCC_PREPROCESSOR_DEFINITIONS = (
					"DEBUG=1",
					"$(inherited)",
				);
				INFOPLIST_FILE = InformerlyTests/Info.plist;
				LD_RUNPATH_SEARCH_PATHS = "$(inherited) @executable_path/Frameworks @loader_path/Frameworks";
				PRODUCT_NAME = "$(TARGET_NAME)";
				TEST_HOST = "$(BUILT_PRODUCTS_DIR)/Informerly.app/Informerly";
			};
			name = Debug;
		};
		1845B9B01A7F8A5F00172610 /* Release */ = {
			isa = XCBuildConfiguration;
			buildSettings = {
				BUNDLE_LOADER = "$(TEST_HOST)";
				FRAMEWORK_SEARCH_PATHS = (
					"$(SDKROOT)/Developer/Library/Frameworks",
					"$(inherited)",
				);
				INFOPLIST_FILE = InformerlyTests/Info.plist;
				LD_RUNPATH_SEARCH_PATHS = "$(inherited) @executable_path/Frameworks @loader_path/Frameworks";
				PRODUCT_NAME = "$(TARGET_NAME)";
				TEST_HOST = "$(BUILT_PRODUCTS_DIR)/Informerly.app/Informerly";
			};
			name = Release;
		};
		186BD5491A9711FE0044C86B /* Debug */ = {
			isa = XCBuildConfiguration;
			buildSettings = {
				CODE_SIGN_ENTITLEMENTS = "Informerly Widget/Informerly Widget.entitlements";
				CODE_SIGN_IDENTITY = "iPhone Developer";
				"CODE_SIGN_IDENTITY[sdk=iphoneos*]" = "iPhone Developer";
				GCC_PREPROCESSOR_DEFINITIONS = TARGET_IS_EXTENSION;
				INFOPLIST_FILE = "Informerly Widget/Info.plist";
				LD_RUNPATH_SEARCH_PATHS = "$(inherited) @executable_path/Frameworks @executable_path/../../Frameworks";
				PRODUCT_NAME = "$(TARGET_NAME)";
				PROVISIONING_PROFILE = "";
				SKIP_INSTALL = YES;
				SWIFT_OBJC_BRIDGING_HEADER = "Informerly Widget/Bridging-Header.h";
			};
			name = Debug;
		};
		186BD54A1A9711FE0044C86B /* Release */ = {
			isa = XCBuildConfiguration;
			buildSettings = {
				CODE_SIGN_ENTITLEMENTS = "Informerly Widget/Informerly Widget.entitlements";
				CODE_SIGN_IDENTITY = "iPhone Developer";
				"CODE_SIGN_IDENTITY[sdk=iphoneos*]" = "iPhone Developer";
				GCC_PREPROCESSOR_DEFINITIONS = TARGET_IS_EXTENSION;
				INFOPLIST_FILE = "Informerly Widget/Info.plist";
				LD_RUNPATH_SEARCH_PATHS = "$(inherited) @executable_path/Frameworks @executable_path/../../Frameworks";
				PRODUCT_NAME = "$(TARGET_NAME)";
				PROVISIONING_PROFILE = "";
				SKIP_INSTALL = YES;
				SWIFT_OBJC_BRIDGING_HEADER = "Informerly Widget/Bridging-Header.h";
			};
			name = Release;
		};
/* End XCBuildConfiguration section */

/* Begin XCConfigurationList section */
		1845B9871A7F8A5F00172610 /* Build configuration list for PBXProject "Informerly" */ = {
			isa = XCConfigurationList;
			buildConfigurations = (
				1845B9A91A7F8A5F00172610 /* Debug */,
				1845B9AA1A7F8A5F00172610 /* Release */,
			);
			defaultConfigurationIsVisible = 0;
			defaultConfigurationName = Release;
		};
		1845B9AB1A7F8A5F00172610 /* Build configuration list for PBXNativeTarget "Informerly" */ = {
			isa = XCConfigurationList;
			buildConfigurations = (
				1845B9AC1A7F8A5F00172610 /* Debug */,
				1845B9AD1A7F8A5F00172610 /* Release */,
			);
			defaultConfigurationIsVisible = 0;
			defaultConfigurationName = Release;
		};
		1845B9AE1A7F8A5F00172610 /* Build configuration list for PBXNativeTarget "InformerlyTests" */ = {
			isa = XCConfigurationList;
			buildConfigurations = (
				1845B9AF1A7F8A5F00172610 /* Debug */,
				1845B9B01A7F8A5F00172610 /* Release */,
			);
			defaultConfigurationIsVisible = 0;
			defaultConfigurationName = Release;
		};
		186BD5481A9711FE0044C86B /* Build configuration list for PBXNativeTarget "Informerly Widget" */ = {
			isa = XCConfigurationList;
			buildConfigurations = (
				186BD5491A9711FE0044C86B /* Debug */,
				186BD54A1A9711FE0044C86B /* Release */,
			);
			defaultConfigurationIsVisible = 0;
			defaultConfigurationName = Release;
		};
/* End XCConfigurationList section */
	};
	rootObject = 1845B9841A7F8A5F00172610 /* Project object */;
}
