<?xml version="1.0" encoding="UTF-8"?>
<Scheme
   LastUpgradeVersion = "0700"
   version = "2.0">
   <BuildAction
      parallelizeBuildables = "YES"
      buildImplicitDependencies = "YES">
      <BuildActionEntries>
         <BuildActionEntry
            buildForTesting = "YES"
            buildForRunning = "YES"
            buildForProfiling = "YES"
            buildForArchiving = "YES"
            buildForAnalyzing = "YES">
            <BuildableReference
               BuildableIdentifier = "primary"
               BlueprintIdentifier = "180E7DDC1BF1D0E4001D751B"
               BuildableName = "Informer WatchKit 1 App.app"
               BlueprintName = "Informer WatchKit 1 App"
               ReferencedContainer = "container:Informerly.xcodeproj">
            </BuildableReference>
         </BuildActionEntry>
         <BuildActionEntry
            buildForTesting = "YES"
            buildForRunning = "YES"
            buildForProfiling = "YES"
            buildForArchiving = "YES"
            buildForAnalyzing = "YES">
            <BuildableReference
               BuildableIdentifier = "primary"
               BlueprintIdentifier = "1845B98B1A7F8A5F00172610"
               BuildableName = "Informerly.app"
               BlueprintName = "Informerly"
               ReferencedContainer = "container:Informerly.xcodeproj">
            </BuildableReference>
         </BuildActionEntry>
         <BuildActionEntry
            buildForTesting = "YES"
            buildForRunning = "YES"
            buildForProfiling = "YES"
            buildForArchiving = "YES"
            buildForAnalyzing = "YES">
            <BuildableReference
               BuildableIdentifier = "primary"
               BlueprintIdentifier = "180E7DCD1BF1D0E2001D751B"
               BuildableName = "Informer WatchKit 1 Extension.appex"
               BlueprintName = "Informer WatchKit 1 Extension"
               ReferencedContainer = "container:Informerly.xcodeproj">
            </BuildableReference>
         </BuildActionEntry>
      </BuildActionEntries>
   </BuildAction>
   <TestAction
      buildConfiguration = "Debug"
      selectedDebuggerIdentifier = "Xcode.DebuggerFoundation.Debugger.LLDB"
      selectedLauncherIdentifier = "Xcode.DebuggerFoundation.Launcher.LLDB"
      shouldUseLaunchSchemeArgsEnv = "YES">
      <Testables>
      </Testables>
      <MacroExpansion>
         <BuildableReference
            BuildableIdentifier = "primary"
            BlueprintIdentifier = "180E7DDC1BF1D0E4001D751B"
            BuildableName = "Informer WatchKit 1 App.app"
            BlueprintName = "Informer WatchKit 1 App"
            ReferencedContainer = "container:Informerly.xcodeproj">
         </BuildableReference>
      </MacroExpansion>
      <AdditionalOptions>
      </AdditionalOptions>
   </TestAction>
   <LaunchAction
      buildConfiguration = "Debug"
      selectedDebuggerIdentifier = "Xcode.DebuggerFoundation.Debugger.LLDB"
      selectedLauncherIdentifier = "Xcode.DebuggerFoundation.Launcher.LLDB"
      launchStyle = "0"
      useCustomWorkingDirectory = "NO"
      ignoresPersistentStateOnLaunch = "NO"
      debugDocumentVersioning = "YES"
      debugServiceExtension = "internal"
      allowLocationSimulation = "YES"
      launchAutomaticallySubstyle = "4"
      notificationPayloadFile = "Informer WatchKit 1 Extension/PushNotificationPayload.apns">
      <RemoteRunnable
         runnableDebuggingMode = "2"
         BundleIdentifier = "com.apple.carousel"
         RemotePath = "/Informer">
         <BuildableReference
            BuildableIdentifier = "primary"
            BlueprintIdentifier = "180E7DDC1BF1D0E4001D751B"
            BuildableName = "Informer WatchKit 1 App.app"
            BlueprintName = "Informer WatchKit 1 App"
            ReferencedContainer = "container:Informerly.xcodeproj">
         </BuildableReference>
      </RemoteRunnable>
      <MacroExpansion>
         <BuildableReference
            BuildableIdentifier = "primary"
            BlueprintIdentifier = "180E7DDC1BF1D0E4001D751B"
            BuildableName = "Informer WatchKit 1 App.app"
            BlueprintName = "Informer WatchKit 1 App"
            ReferencedContainer = "container:Informerly.xcodeproj">
         </BuildableReference>
      </MacroExpansion>
      <AdditionalOptions>
      </AdditionalOptions>
   </LaunchAction>
   <ProfileAction
      buildConfiguration = "Release"
      shouldUseLaunchSchemeArgsEnv = "YES"
      savedToolIdentifier = ""
      useCustomWorkingDirectory = "NO"
      debugDocumentVersioning = "YES"
      launchAutomaticallySubstyle = "4"
      notificationPayloadFile = "Informer WatchKit 1 Extension/PushNotificationPayload.apns">
      <RemoteRunnable
         runnableDebuggingMode = "2"
         BundleIdentifier = "com.apple.carousel"
         RemotePath = "/Informer">
         <BuildableReference
            BuildableIdentifier = "primary"
            BlueprintIdentifier = "180E7DDC1BF1D0E4001D751B"
            BuildableName = "Informer WatchKit 1 App.app"
            BlueprintName = "Informer WatchKit 1 App"
            ReferencedContainer = "container:Informerly.xcodeproj">
         </BuildableReference>
      </RemoteRunnable>
      <MacroExpansion>
         <BuildableReference
            BuildableIdentifier = "primary"
            BlueprintIdentifier = "180E7DDC1BF1D0E4001D751B"
            BuildableName = "Informer WatchKit 1 App.app"
            BlueprintName = "Informer WatchKit 1 App"
            ReferencedContainer = "container:Informerly.xcodeproj">
         </BuildableReference>
      </MacroExpansion>
   </ProfileAction>
   <AnalyzeAction
      buildConfiguration = "Debug">
   </AnalyzeAction>
   <ArchiveAction
      buildConfiguration = "Release"
      revealArchiveInOrganizer = "YES">
   </ArchiveAction>
</Scheme>
